
Microsoft Visual Studio Solution File, Format Version 12.00
# Visual Studio Version 17
VisualStudioVersion = 17.0.31903.59
MinimumVisualStudioVersion = 10.0.40219.1
Project("{2150E333-8FDC-42A3-9474-1A3956D46DE8}") = "gettings-started", "gettings-started", "{114E9803-C962-41D4-B597-573C9CD3FEB8}"
EndProject
Project("{FAE04EC0-301F-11D3-BF4B-00C04F79EFBC}") = "FirstProject", "getting-started\FirstProject\FirstProject.csproj", "{41B1091D-1400-4AAF-AFAD-0A4EFA63C7AF}"
EndProject
Project("{FAE04EC0-301F-11D3-BF4B-00C04F79EFBC}") = "BasicValueTypes", "getting-started\BasicValueTypes\BasicValueTypes.csproj", "{FE9AD695-FC96-4E89-B80E-D8928E8ED925}"
EndProject
Project("{FAE04EC0-301F-11D3-BF4B-00C04F79EFBC}") = "ControlFlow", "getting-started\ControlFlow\ControlFlow.csproj", "{104C14B9-91D1-41BC-A65A-D6C496EFAC10}"
EndProject
Project("{FAE04EC0-301F-11D3-BF4B-00C04F79EFBC}") = "Collections", "getting-started\Collections\Collections.csproj", "{479901A4-6FA7-4B0C-A48D-8C1F9CC61A87}"
EndProject
Project("{FAE04EC0-301F-11D3-BF4B-00C04F79EFBC}") = "Loops", "getting-started\Loops\Loops.csproj", "{8919502C-8FFF-49CD-AB29-837876F339E5}"
EndProject
Project("{FAE04EC0-301F-11D3-BF4B-00C04F79EFBC}") = "Methods", "getting-started\Methods\Methods.csproj", "{46980172-E3F6-44E2-975D-8E552086F2C1}"
EndProject
Project("{FAE04EC0-301F-11D3-BF4B-00C04F79EFBC}") = "DebuggingAndExceptions", "getting-started\DebuggingAndExceptions\DebuggingAndExceptions.csproj", "{773C0112-FBF6-42B4-92E6-CB6F3855560C}"
EndProject
Project("{FAE04EC0-301F-11D3-BF4B-00C04F79EFBC}") = "ObjectOriented", "getting-started\ObjectOriented\ObjectOriented.csproj", "{7022FF1D-EF15-45B9-80F3-DAC850DB4D6F}"
EndProject
Project("{FAE04EC0-301F-11D3-BF4B-00C04F79EFBC}") = "Demo", "getting-started\Demo\Demo.csproj", "{06645E55-A11A-4FB5-BE33-D400E5603C99}"
EndProject
Project("{2150E333-8FDC-42A3-9474-1A3956D46DE8}") = "deep-dive", "deep-dive", "{B9145B2F-7D47-4F8E-A620-D13E90989CCE}"
EndProject
Project("{FAE04EC0-301F-11D3-BF4B-00C04F79EFBC}") = "ReferenceAndValueTypes", "deep-dive\ReferenceAndValueTypes\ReferenceAndValueTypes.csproj", "{7E358E38-5D34-4C05-8E57-652F16EBEE9B}"
EndProject
Project("{FAE04EC0-301F-11D3-BF4B-00C04F79EFBC}") = "ObjectOriented", "deep-dive\ObjectOriented\ObjectOriented.csproj", "{28F14E42-9247-4346-8534-427F26D1E161}"
EndProject
Global
	GlobalSection(SolutionConfigurationPlatforms) = preSolution
		Debug|Any CPU = Debug|Any CPU
		Release|Any CPU = Release|Any CPU
	EndGlobalSection
	GlobalSection(SolutionProperties) = preSolution
		HideSolutionNode = FALSE
	EndGlobalSection
	GlobalSection(ProjectConfigurationPlatforms) = postSolution
		{41B1091D-1400-4AAF-AFAD-0A4EFA63C7AF}.Debug|Any CPU.ActiveCfg = Debug|Any CPU
		{41B1091D-1400-4AAF-AFAD-0A4EFA63C7AF}.Debug|Any CPU.Build.0 = Debug|Any CPU
		{41B1091D-1400-4AAF-AFAD-0A4EFA63C7AF}.Release|Any CPU.ActiveCfg = Release|Any CPU
		{41B1091D-1400-4AAF-AFAD-0A4EFA63C7AF}.Release|Any CPU.Build.0 = Release|Any CPU
		{FE9AD695-FC96-4E89-B80E-D8928E8ED925}.Debug|Any CPU.ActiveCfg = Debug|Any CPU
		{FE9AD695-FC96-4E89-B80E-D8928E8ED925}.Debug|Any CPU.Build.0 = Debug|Any CPU
		{FE9AD695-FC96-4E89-B80E-D8928E8ED925}.Release|Any CPU.ActiveCfg = Release|Any CPU
		{FE9AD695-FC96-4E89-B80E-D8928E8ED925}.Release|Any CPU.Build.0 = Release|Any CPU
		{104C14B9-91D1-41BC-A65A-D6C496EFAC10}.Debug|Any CPU.ActiveCfg = Debug|Any CPU
		{104C14B9-91D1-41BC-A65A-D6C496EFAC10}.Debug|Any CPU.Build.0 = Debug|Any CPU
		{104C14B9-91D1-41BC-A65A-D6C496EFAC10}.Release|Any CPU.ActiveCfg = Release|Any CPU
		{104C14B9-91D1-41BC-A65A-D6C496EFAC10}.Release|Any CPU.Build.0 = Release|Any CPU
		{479901A4-6FA7-4B0C-A48D-8C1F9CC61A87}.Debug|Any CPU.ActiveCfg = Debug|Any CPU
		{479901A4-6FA7-4B0C-A48D-8C1F9CC61A87}.Debug|Any CPU.Build.0 = Debug|Any CPU
		{479901A4-6FA7-4B0C-A48D-8C1F9CC61A87}.Release|Any CPU.ActiveCfg = Release|Any CPU
		{479901A4-6FA7-4B0C-A48D-8C1F9CC61A87}.Release|Any CPU.Build.0 = Release|Any CPU
		{8919502C-8FFF-49CD-AB29-837876F339E5}.Debug|Any CPU.ActiveCfg = Debug|Any CPU
		{8919502C-8FFF-49CD-AB29-837876F339E5}.Debug|Any CPU.Build.0 = Debug|Any CPU
		{8919502C-8FFF-49CD-AB29-837876F339E5}.Release|Any CPU.ActiveCfg = Release|Any CPU
		{8919502C-8FFF-49CD-AB29-837876F339E5}.Release|Any CPU.Build.0 = Release|Any CPU
		{46980172-E3F6-44E2-975D-8E552086F2C1}.Debug|Any CPU.ActiveCfg = Debug|Any CPU
		{46980172-E3F6-44E2-975D-8E552086F2C1}.Debug|Any CPU.Build.0 = Debug|Any CPU
		{46980172-E3F6-44E2-975D-8E552086F2C1}.Release|Any CPU.ActiveCfg = Release|Any CPU
		{46980172-E3F6-44E2-975D-8E552086F2C1}.Release|Any CPU.Build.0 = Release|Any CPU
		{773C0112-FBF6-42B4-92E6-CB6F3855560C}.Debug|Any CPU.ActiveCfg = Debug|Any CPU
		{773C0112-FBF6-42B4-92E6-CB6F3855560C}.Debug|Any CPU.Build.0 = Debug|Any CPU
		{773C0112-FBF6-42B4-92E6-CB6F3855560C}.Release|Any CPU.ActiveCfg = Release|Any CPU
		{773C0112-FBF6-42B4-92E6-CB6F3855560C}.Release|Any CPU.Build.0 = Release|Any CPU
		{7022FF1D-EF15-45B9-80F3-DAC850DB4D6F}.Debug|Any CPU.ActiveCfg = Debug|Any CPU
		{7022FF1D-EF15-45B9-80F3-DAC850DB4D6F}.Debug|Any CPU.Build.0 = Debug|Any CPU
		{7022FF1D-EF15-45B9-80F3-DAC850DB4D6F}.Release|Any CPU.ActiveCfg = Release|Any CPU
		{7022FF1D-EF15-45B9-80F3-DAC850DB4D6F}.Release|Any CPU.Build.0 = Release|Any CPU
		{06645E55-A11A-4FB5-BE33-D400E5603C99}.Debug|Any CPU.ActiveCfg = Debug|Any CPU
		{06645E55-A11A-4FB5-BE33-D400E5603C99}.Debug|Any CPU.Build.0 = Debug|Any CPU
		{06645E55-A11A-4FB5-BE33-D400E5603C99}.Release|Any CPU.ActiveCfg = Release|Any CPU
		{06645E55-A11A-4FB5-BE33-D400E5603C99}.Release|Any CPU.Build.0 = Release|Any CPU
		{7E358E38-5D34-4C05-8E57-652F16EBEE9B}.Debug|Any CPU.ActiveCfg = Debug|Any CPU
		{7E358E38-5D34-4C05-8E57-652F16EBEE9B}.Debug|Any CPU.Build.0 = Debug|Any CPU
		{7E358E38-5D34-4C05-8E57-652F16EBEE9B}.Release|Any CPU.ActiveCfg = Release|Any CPU
		{7E358E38-5D34-4C05-8E57-652F16EBEE9B}.Release|Any CPU.Build.0 = Release|Any CPU
		{28F14E42-9247-4346-8534-427F26D1E161}.Debug|Any CPU.ActiveCfg = Debug|Any CPU
		{28F14E42-9247-4346-8534-427F26D1E161}.Debug|Any CPU.Build.0 = Debug|Any CPU
		{28F14E42-9247-4346-8534-427F26D1E161}.Release|Any CPU.ActiveCfg = Release|Any CPU
		{28F14E42-9247-4346-8534-427F26D1E161}.Release|Any CPU.Build.0 = Release|Any CPU
	EndGlobalSection
	GlobalSection(NestedProjects) = preSolution
		{41B1091D-1400-4AAF-AFAD-0A4EFA63C7AF} = {114E9803-C962-41D4-B597-573C9CD3FEB8}
		{FE9AD695-FC96-4E89-B80E-D8928E8ED925} = {114E9803-C962-41D4-B597-573C9CD3FEB8}
		{104C14B9-91D1-41BC-A65A-D6C496EFAC10} = {114E9803-C962-41D4-B597-573C9CD3FEB8}
		{479901A4-6FA7-4B0C-A48D-8C1F9CC61A87} = {114E9803-C962-41D4-B597-573C9CD3FEB8}
		{8919502C-8FFF-49CD-AB29-837876F339E5} = {114E9803-C962-41D4-B597-573C9CD3FEB8}
		{46980172-E3F6-44E2-975D-8E552086F2C1} = {114E9803-C962-41D4-B597-573C9CD3FEB8}
		{773C0112-FBF6-42B4-92E6-CB6F3855560C} = {114E9803-C962-41D4-B597-573C9CD3FEB8}
		{7022FF1D-EF15-45B9-80F3-DAC850DB4D6F} = {114E9803-C962-41D4-B597-573C9CD3FEB8}
		{06645E55-A11A-4FB5-BE33-D400E5603C99} = {114E9803-C962-41D4-B597-573C9CD3FEB8}
		{7E358E38-5D34-4C05-8E57-652F16EBEE9B} = {B9145B2F-7D47-4F8E-A620-D13E90989CCE}
		{28F14E42-9247-4346-8534-427F26D1E161} = {B9145B2F-7D47-4F8E-A620-D13E90989CCE}
	EndGlobalSection
EndGlobal
